{
    "_readme": [
        "This file locks the dependencies of your project to a known state",
        "Read more about it at https://getcomposer.org/doc/01-basic-usage.md#composer-lock-the-lock-file",
        "This file is @generated automatically"
    ],
    "hash": "f759e79fcaad128660c8e1c1e768083f",
    "content-hash": "5967686aecd1d698a664446a45a9edfa",
    "packages": [
        {
            "name": "emojione/emojione",
            "version": "v3.0.3",
            "source": {
                "type": "git",
                "url": "https://github.com/Ranks/emojione.git",
                "reference": "648da9980688dfd2be469dcef5dff61a9d165198"
            },
            "dist": {
                "type": "zip",
                "url": "https://api.github.com/repos/Ranks/emojione/zipball/648da9980688dfd2be469dcef5dff61a9d165198",
                "reference": "648da9980688dfd2be469dcef5dff61a9d165198",
                "shasum": ""
            },
            "require": {
                "php": ">=5.3"
            },
            "require-dev": {
                "phpunit/phpunit": "~4.6 || ~5.0"
            },
            "type": "library",
            "autoload": {
                "psr-4": {
                    "Emojione\\": "lib/php/src"
                }
            },
            "notification-url": "https://packagist.org/downloads/",
            "license": [
                "(CC-BY-4.0 and MIT)"
            ],
            "description": "EmojiOne is a complete set of emojis designed for the web. It includes libraries to easily convert unicode characters to shortnames (:smile:) and shortnames to our custom emoji images. PNG format provided for the emoji images.",
            "homepage": "http://www.emojione.com",
            "keywords": [
                "emoji",
                "emojione",
                "emojis",
                "emoticons",
                "smileys",
                "smilies",
                "unicode"
            ],
            "time": "2017-05-03 23:24:32"
        }
    ],
    "packages-dev": [],
    "aliases": [],
    "minimum-stability": "stable",
    "stability-flags": [],
    "prefer-stable": false,
    "prefer-lowest": false,
    "platform": [],
    "platform-dev": []
}
